// !$*UTF8*$!
{
	archiveVersion = 1;
	classes = {
	};
	objectVersion = 46;
	objects = {

/* Begin PBXBuildFile section */
		7575F1B71BECDC54006046CF /* AppDelegate.swift in Sources */ = {isa = PBXBuildFile; fileRef = 7575F1B61BECDC54006046CF /* AppDelegate.swift */; };
		7575F1B91BECDC54006046CF /* ViewController.swift in Sources */ = {isa = PBXBuildFile; fileRef = 7575F1B81BECDC54006046CF /* ViewController.swift */; };
		7575F1BC1BECDC54006046CF /* Main.storyboard in Resources */ = {isa = PBXBuildFile; fileRef = 7575F1BA1BECDC54006046CF /* Main.storyboard */; };
		7575F1BE1BECDC54006046CF /* Assets.xcassets in Resources */ = {isa = PBXBuildFile; fileRef = 7575F1BD1BECDC54006046CF /* Assets.xcassets */; };
		7575F1C11BECDC54006046CF /* LaunchScreen.storyboard in Resources */ = {isa = PBXBuildFile; fileRef = 7575F1BF1BECDC54006046CF /* LaunchScreen.storyboard */; };
/* End PBXBuildFile section */

/* Begin PBXFileReference section */
		7575F1B31BECDC54006046CF /* sliderdemo.app */ = {isa = PBXFileReference; explicitFileType = wrapper.application; includeInIndex = 0; path = sliderdemo.app; sourceTree = BUILT_PRODUCTS_DIR; };
		7575F1B61BECDC54006046CF /* AppDelegate.swift */ = {isa = PBXFileReference; lastKnownFileType = sourcecode.swift; path = AppDelegate.swift; sourceTree = "<group>"; };
		7575F1B81BECDC54006046CF /* ViewController.swift */ = {isa = PBXFileReference; lastKnownFileType = sourcecode.swift; path = ViewController.swift; sourceTree = "<group>"; };
		7575F1BB1BECDC54006046CF /* Base */ = {isa = PBXFileReference; lastKnownFileType = file.storyboard; name = Base; path = Base.lproj/Main.storyboard; sourceTree = "<group>"; };
		7575F1BD1BECDC54006046CF /* Assets.xcassets */ = {isa = PBXFileReference; lastKnownFileType = folder.assetcatalog; path = Assets.xcassets; sourceTree = "<group>"; };
		7575F1C01BECDC54006046CF /* Base */ = {isa = PBXFileReference; lastKnownFileType = file.storyboard; name = Base; path = Base.lproj/LaunchScreen.storyboard; sourceTree = "<group>"; };
		7575F1C21BECDC54006046CF /* Info.plist */ = {isa = PBXFileReference; lastKnownFileType = text.plist.xml; path = Info.plist; sourceTree = "<group>"; };
/* End PBXFileReference section */

/* Begin PBXFrameworksBuildPhase section */
		7575F1B01BECDC54006046CF /* Frameworks */ = {
			isa = PBXFrameworksBuildPhase;
			buildActionMask = 2147483647;
			files = (
			);
			runOnlyForDeploymentPostprocessing = 0;
		};
/* End PBXFrameworksBuildPhase section */

/* Begin PBXGroup section */
		7575F1AA1BECDC54006046CF = {
			isa = PBXGroup;
			children = (
				7575F1B51BECDC54006046CF /* sliderdemo */,
				7575F1B41BECDC54006046CF /* Products */,
			);
			sourceTree = "<group>";
		};
		7575F1B41BECDC54006046CF /* Products */ = {
			isa = PBXGroup;
			children = (
				7575F1B31BECDC54006046CF /* sliderdemo.app */,
			);
			name = Products;
			sourceTree = "<group>";
		};
		7575F1B51BECDC54006046CF /* sliderdemo */ = {
			isa = PBXGroup;
			children = (
				7575F1B61BECDC54006046CF /* AppDelegate.swift */,
				7575F1B81BECDC54006046CF /* ViewController.swift */,
				7575F1BA1BECDC54006046CF /* Main.storyboard */,
				7575F1BD1BECDC54006046CF /* Assets.xcassets */,
				7575F1BF1BECDC54006046CF /* LaunchScreen.storyboard */,
				7575F1C21BECDC54006046CF /* Info.plist */,
			);
			path = sliderdemo;
			sourceTree = "<group>";
		};
/* End PBXGroup section */

/* Begin PBXNativeTarget section */
		7575F1B21BECDC54006046CF /* sliderdemo */ = {
			isa = PBXNativeTarget;
			buildConfigurationList = 7575F1C51BECDC54006046CF /* Build configuration list for PBXNativeTarget "sliderdemo" */;
			buildPhases = (
				7575F1AF1BECDC54006046CF /* Sources */,
				7575F1B01BECDC54006046CF /* Frameworks */,
				7575F1B11BECDC54006046CF /* Resources */,
			);
			buildRules = (
			);
			dependencies = (
			);
			name = sliderdemo;
			productName = sliderdemo;
			productReference = 7575F1B31BECDC54006046CF /* sliderdemo.app */;
			productType = "com.apple.product-type.application";
		};
/* End PBXNativeTarget section */

/* Begin PBXProject section */
		7575F1AB1BECDC54006046CF /* Project object */ = {
			isa = PBXProject;
			attributes = {
				LastSwiftUpdateCheck = 0710;
				LastUpgradeCheck = 0710;
				ORGANIZATIONNAME = MennoGodeke;
				TargetAttributes = {
					7575F1B21BECDC54006046CF = {
						CreatedOnToolsVersion = 7.1;
					};
				};
			};
			buildConfigurationList = 7575F1AE1BECDC54006046CF /* Build configuration list for PBXProject "sliderdemo" */;
			compatibilityVersion = "Xcode 3.2";
			developmentRegion = English;
			hasScannedForEncodings = 0;
			knownRegions = (
				en,
				Base,
			);
			mainGroup = 7575F1AA1BECDC54006046CF;
			productRefGroup = 7575F1B41BECDC54006046CF /* Products */;
			projectDirPath = "";
			projectRoot = "";
			targets = (
				7575F1B21BECDC54006046CF /* sliderdemo */,
			);
		};
/* End PBXProject section */

/* Begin PBXResourcesBuildPhase section */
		7575F1B11BECDC54006046CF /* Resources */ = {
			isa = PBXResourcesBuildPhase;
			buildActionMask = 2147483647;
			files = (
				7575F1C11BECDC54006046CF /* LaunchScreen.storyboard in Resources */,
				7575F1BE1BECDC54006046CF /* Assets.xcassets in Resources */,
				7575F1BC1BECDC54006046CF /* Main.storyboard in Resources */,
			);
			runOnlyForDeploymentPostprocessing = 0;
		};
/* End PBXResourcesBuildPhase section */

/* Begin PBXSourcesBuildPhase section */
		7575F1AF1BECDC54006046CF /* Sources */ = {
			isa = PBXSourcesBuildPhase;
			buildActionMask = 2147483647;
			files = (
				7575F1B91BECDC54006046CF /* ViewController.swift in Sources */,
				7575F1B71BECDC54006046CF /* AppDelegate.swift in Sources */,
			);
			runOnlyForDeploymentPostprocessing = 0;
		};
/* End PBXSourcesBuildPhase section */

/* Begin PBXVariantGroup section */
		7575F1BA1BECDC54006046CF /* Main.storyboard */ = {
			isa = PBXVariantGroup;
			children = (
				7575F1BB1BECDC54006046CF /* Base */,
			);
			name = Main.storyboard;
			sourceTree = "<group>";
		};
		7575F1BF1BECDC54006046CF /* LaunchScreen.storyboard */ = {
			isa = PBXVariantGroup;
			children = (
				7575F1C01BECDC54006046CF /* Base */,
			);
			name = LaunchScreen.storyboard;
			sourceTree = "<group>";
		};
/* End PBXVariantGroup section */

/* Begin XCBuildConfiguration section */
		7575F1C31BECDC54006046CF /* Debug */ = {
			isa = XCBuildConfiguration;
			buildSettings = {
				ALWAYS_SEARCH_USER_PATHS = NO;
				CLANG_CXX_LANGUAGE_STANDARD = "gnu++0x";
				CLANG_CXX_LIBRARY = "libc++";
				CLANG_ENABLE_MODULES = YES;
				CLANG_ENABLE_OBJC_ARC = YES;
				CLANG_WARN_BOOL_CONVERSION = YES;
				CLANG_WARN_CONSTANT_CONVERSION = YES;
				CLANG_WARN_DIRECT_OBJC_ISA_USAGE = YES_ERROR;
				CLANG_WARN_EMPTY_BODY = YES;
				CLANG_WARN_ENUM_CONVERSION = YES;
				CLANG_WARN_INT_CONVERSION = YES;
				CLANG_WARN_OBJC_ROOT_CLASS = YES_ERROR;
				CLANG_WARN_UNREACHABLE_CODE = YES;
				CLANG_WARN__DUPLICATE_METHOD_MATCH = YES;
				"CODE_SIGN_IDENTITY[sdk=iphoneos*]" = "iPhone Developer";
				COPY_PHASE_STRIP = NO;
				DEBUG_INFORMATION_FORMAT = dwarf;
				ENABLE_STRICT_OBJC_MSGSEND = YES;
				ENABLE_TESTABILITY = YES;
				GCC_C_LANGUAGE_STANDARD = gnu99;
				GCC_DYNAMIC_NO_PIC = NO;
				GCC_NO_COMMON_BLOCKS = YES;
				GCC_OPTIMIZATION_LEVEL = 0;
				GCC_PREPROCESSOR_DEFINITIONS = (
					"DEBUG=1",
					"$(inherited)",
				);
				GCC_WARN_64_TO_32_BIT_CONVERSION = YES;
				GCC_WARN_ABOUT_RETURN_TYPE = YES_ERROR;
				GCC_WARN_UNDECLARED_SELECTOR = YES;
				GCC_WARN_UNINITIALIZED_AUTOS = YES_AGGRESSIVE;
				GCC_WARN_UNUSED_FUNCTION = YES;
				GCC_WARN_UNUSED_VARIABLE = YES;
				IPHONEOS_DEPLOYMENT_TARGET = 9.1;
				MTL_ENABLE_DEBUG_INFO = YES;
				ONLY_ACTIVE_ARCH = YES;
				SDKROOT = iphoneos;
				SWIFT_OPTIMIZATION_LEVEL = "-Onone";
			};
			name = Debug;
		};
		7575F1C41BECDC54006046CF /* Release */ = {
			isa = XCBuildConfiguration;
			buildSettings = {
				ALWAYS_SEARCH_USER_PATHS = NO;
				CLANG_CXX_LANGUAGE_STANDARD = "gnu++0x";
				CLANG_CXX_LIBRARY = "libc++";
				CLANG_ENABLE_MODULES = YES;
				CLANG_ENABLE_OBJC_ARC = YES;
				CLANG_WARN_BOOL_CONVERSION = YES;
				CLANG_WARN_CONSTANT_CONVERSION = YES;
				CLANG_WARN_DIRECT_OBJC_ISA_USAGE = YES_ERROR;
				CLANG_WARN_EMPTY_BODY = YES;
				CLANG_WARN_ENUM_CONVERSION = YES;
				CLANG_WARN_INT_CONVERSION = YES;
				CLANG_WARN_OBJC_ROOT_CLASS = YES_ERROR;
				CLANG_WARN_UNREACHABLE_CODE = YES;
				CLANG_WARN__DUPLICATE_METHOD_MATCH = YES;
				"CODE_SIGN_IDENTITY[sdk=iphoneos*]" = "iPhone Developer";
				COPY_PHASE_STRIP = NO;
				DEBUG_INFORMATION_FORMAT = "dwarf-with-dsym";
				ENABLE_NS_ASSERTIONS = NO;
				ENABLE_STRICT_OBJC_MSGSEND = YES;
				GCC_C_LANGUAGE_STANDARD = gnu99;
				GCC_NO_COMMON_BLOCKS = YES;
				GCC_WARN_64_TO_32_BIT_CONVERSION = YES;
				GCC_WARN_ABOUT_RETURN_TYPE = YES_ERROR;
				GCC_WARN_UNDECLARED_SELECTOR = YES;
				GCC_WARN_UNINITIALIZED_AUTOS = YES_AGGRESSIVE;
				GCC_WARN_UNUSED_FUNCTION = YES;
				GCC_WARN_UNUSED_VARIABLE = YES;
				IPHONEOS_DEPLOYMENT_TARGET = 9.1;
				MTL_ENABLE_DEBUG_INFO = NO;
				SDKROOT = iphoneos;
				VALIDATE_PRODUCT = YES;
			};
			name = Release;
		};
		7575F1C61BECDC54006046CF /* Debug */ = {
			isa = XCBuildConfiguration;
			buildSettings = {
				ASSETCATALOG_COMPILER_APPICON_NAME = AppIcon;
				INFOPLIST_FILE = sliderdemo/Info.plist;
				LD_RUNPATH_SEARCH_PATHS = "$(inherited) @executable_path/Frameworks";
				PRODUCT_BUNDLE_IDENTIFIER = nl.mennogodeke.sliderdemo;
				PRODUCT_NAME = "$(TARGET_NAME)";
			};
			name = Debug;
		};
		7575F1C71BECDC54006046CF /* Release */ = {
			isa = XCBuildConfiguration;
			buildSettings = {
				ASSETCATALOG_COMPILER_APPICON_NAME = AppIcon;
				INFOPLIST_FILE = sliderdemo/Info.plist;
				LD_RUNPATH_SEARCH_PATHS = "$(inherited) @executable_path/Frameworks";
				PRODUCT_BUNDLE_IDENTIFIER = nl.mennogodeke.sliderdemo;
				PRODUCT_NAME = "$(TARGET_NAME)";
			};
			name = Release;
		};
/* End XCBuildConfiguration section */

/* Begin XCConfigurationList section */
		7575F1AE1BECDC54006046CF /* Build configuration list for PBXProject "sliderdemo" */ = {
			isa = XCConfigurationList;
			buildConfigurations = (
				7575F1C31BECDC54006046CF /* Debug */,
				7575F1C41BECDC54006046CF /* Release */,
			);
			defaultConfigurationIsVisible = 0;
			defaultConfigurationName = Release;
		};
		7575F1C51BECDC54006046CF /* Build configuration list for PBXNativeTarget "sliderdemo" */ = {
			isa = XCConfigurationList;
			buildConfigurations = (
				7575F1C61BECDC54006046CF /* Debug */,
				7575F1C71BECDC54006046CF /* Release */,
			);
			defaultConfigurationIsVisible = 0;
		};
/* End XCConfigurationList section */
	};
	rootObject = 7575F1AB1BECDC54006046CF /* Project object */;
}
