// !$*UTF8*$!
{
	archiveVersion = 1;
	classes = {
	};
	objectVersion = 46;
	objects = {

/* Begin PBXBuildFile section */
		7571C1441BF0CAAC00FB8CB2 /* AppDelegate.swift in Sources */ = {isa = PBXBuildFile; fileRef = 7571C1431BF0CAAC00FB8CB2 /* AppDelegate.swift */; };
		7571C1491BF0CAAC00FB8CB2 /* Main.storyboard in Resources */ = {isa = PBXBuildFile; fileRef = 7571C1471BF0CAAC00FB8CB2 /* Main.storyboard */; };
		7571C14B1BF0CAAC00FB8CB2 /* Assets.xcassets in Resources */ = {isa = PBXBuildFile; fileRef = 7571C14A1BF0CAAC00FB8CB2 /* Assets.xcassets */; };
		7571C14E1BF0CAAC00FB8CB2 /* LaunchScreen.storyboard in Resources */ = {isa = PBXBuildFile; fileRef = 7571C14C1BF0CAAC00FB8CB2 /* LaunchScreen.storyboard */; };
		7571C1561BF0CDEA00FB8CB2 /* TableViewController.swift in Sources */ = {isa = PBXBuildFile; fileRef = 7571C1551BF0CDEA00FB8CB2 /* TableViewController.swift */; };
/* End PBXBuildFile section */

/* Begin PBXFileReference section */
		7571C1401BF0CAAC00FB8CB2 /* TableDemo.app */ = {isa = PBXFileReference; explicitFileType = wrapper.application; includeInIndex = 0; path = TableDemo.app; sourceTree = BUILT_PRODUCTS_DIR; };
		7571C1431BF0CAAC00FB8CB2 /* AppDelegate.swift */ = {isa = PBXFileReference; lastKnownFileType = sourcecode.swift; path = AppDelegate.swift; sourceTree = "<group>"; };
		7571C1481BF0CAAC00FB8CB2 /* Base */ = {isa = PBXFileReference; lastKnownFileType = file.storyboard; name = Base; path = Base.lproj/Main.storyboard; sourceTree = "<group>"; };
		7571C14A1BF0CAAC00FB8CB2 /* Assets.xcassets */ = {isa = PBXFileReference; lastKnownFileType = folder.assetcatalog; path = Assets.xcassets; sourceTree = "<group>"; };
		7571C14D1BF0CAAC00FB8CB2 /* Base */ = {isa = PBXFileReference; lastKnownFileType = file.storyboard; name = Base; path = Base.lproj/LaunchScreen.storyboard; sourceTree = "<group>"; };
		7571C14F1BF0CAAC00FB8CB2 /* Info.plist */ = {isa = PBXFileReference; lastKnownFileType = text.plist.xml; path = Info.plist; sourceTree = "<group>"; };
		7571C1551BF0CDEA00FB8CB2 /* TableViewController.swift */ = {isa = PBXFileReference; fileEncoding = 4; lastKnownFileType = sourcecode.swift; name = TableViewController.swift; path = ../TableViewController.swift; sourceTree = "<group>"; };
/* End PBXFileReference section */

/* Begin PBXFrameworksBuildPhase section */
		7571C13D1BF0CAAC00FB8CB2 /* Frameworks */ = {
			isa = PBXFrameworksBuildPhase;
			buildActionMask = 2147483647;
			files = (
			);
			runOnlyForDeploymentPostprocessing = 0;
		};
/* End PBXFrameworksBuildPhase section */

/* Begin PBXGroup section */
		7571C1371BF0CAAC00FB8CB2 = {
			isa = PBXGroup;
			children = (
				7571C1421BF0CAAC00FB8CB2 /* TableDemo */,
				7571C1411BF0CAAC00FB8CB2 /* Products */,
			);
			sourceTree = "<group>";
		};
		7571C1411BF0CAAC00FB8CB2 /* Products */ = {
			isa = PBXGroup;
			children = (
				7571C1401BF0CAAC00FB8CB2 /* TableDemo.app */,
			);
			name = Products;
			sourceTree = "<group>";
		};
		7571C1421BF0CAAC00FB8CB2 /* TableDemo */ = {
			isa = PBXGroup;
			children = (
				7571C1431BF0CAAC00FB8CB2 /* AppDelegate.swift */,
				7571C1551BF0CDEA00FB8CB2 /* TableViewController.swift */,
				7571C1471BF0CAAC00FB8CB2 /* Main.storyboard */,
				7571C14A1BF0CAAC00FB8CB2 /* Assets.xcassets */,
				7571C14C1BF0CAAC00FB8CB2 /* LaunchScreen.storyboard */,
				7571C14F1BF0CAAC00FB8CB2 /* Info.plist */,
			);
			path = TableDemo;
			sourceTree = "<group>";
		};
/* End PBXGroup section */

/* Begin PBXNativeTarget section */
		7571C13F1BF0CAAC00FB8CB2 /* TableDemo */ = {
			isa = PBXNativeTarget;
			buildConfigurationList = 7571C1521BF0CAAC00FB8CB2 /* Build configuration list for PBXNativeTarget "TableDemo" */;
			buildPhases = (
				7571C13C1BF0CAAC00FB8CB2 /* Sources */,
				7571C13D1BF0CAAC00FB8CB2 /* Frameworks */,
				7571C13E1BF0CAAC00FB8CB2 /* Resources */,
			);
			buildRules = (
			);
			dependencies = (
			);
			name = TableDemo;
			productName = TableDemo;
			productReference = 7571C1401BF0CAAC00FB8CB2 /* TableDemo.app */;
			productType = "com.apple.product-type.application";
		};
/* End PBXNativeTarget section */

/* Begin PBXProject section */
		7571C1381BF0CAAC00FB8CB2 /* Project object */ = {
			isa = PBXProject;
			attributes = {
				LastSwiftUpdateCheck = 0710;
				LastUpgradeCheck = 0710;
				ORGANIZATIONNAME = MennoGodeke;
				TargetAttributes = {
					7571C13F1BF0CAAC00FB8CB2 = {
						CreatedOnToolsVersion = 7.1;
					};
				};
			};
			buildConfigurationList = 7571C13B1BF0CAAC00FB8CB2 /* Build configuration list for PBXProject "TableDemo" */;
			compatibilityVersion = "Xcode 3.2";
			developmentRegion = English;
			hasScannedForEncodings = 0;
			knownRegions = (
				en,
				Base,
			);
			mainGroup = 7571C1371BF0CAAC00FB8CB2;
			productRefGroup = 7571C1411BF0CAAC00FB8CB2 /* Products */;
			projectDirPath = "";
			projectRoot = "";
			targets = (
				7571C13F1BF0CAAC00FB8CB2 /* TableDemo */,
			);
		};
/* End PBXProject section */

/* Begin PBXResourcesBuildPhase section */
		7571C13E1BF0CAAC00FB8CB2 /* Resources */ = {
			isa = PBXResourcesBuildPhase;
			buildActionMask = 2147483647;
			files = (
				7571C14E1BF0CAAC00FB8CB2 /* LaunchScreen.storyboard in Resources */,
				7571C14B1BF0CAAC00FB8CB2 /* Assets.xcassets in Resources */,
				7571C1491BF0CAAC00FB8CB2 /* Main.storyboard in Resources */,
			);
			runOnlyForDeploymentPostprocessing = 0;
		};
/* End PBXResourcesBuildPhase section */

/* Begin PBXSourcesBuildPhase section */
		7571C13C1BF0CAAC00FB8CB2 /* Sources */ = {
			isa = PBXSourcesBuildPhase;
			buildActionMask = 2147483647;
			files = (
				7571C1441BF0CAAC00FB8CB2 /* AppDelegate.swift in Sources */,
				7571C1561BF0CDEA00FB8CB2 /* TableViewController.swift in Sources */,
			);
			runOnlyForDeploymentPostprocessing = 0;
		};
/* End PBXSourcesBuildPhase section */

/* Begin PBXVariantGroup section */
		7571C1471BF0CAAC00FB8CB2 /* Main.storyboard */ = {
			isa = PBXVariantGroup;
			children = (
				7571C1481BF0CAAC00FB8CB2 /* Base */,
			);
			name = Main.storyboard;
			sourceTree = "<group>";
		};
		7571C14C1BF0CAAC00FB8CB2 /* LaunchScreen.storyboard */ = {
			isa = PBXVariantGroup;
			children = (
				7571C14D1BF0CAAC00FB8CB2 /* Base */,
			);
			name = LaunchScreen.storyboard;
			sourceTree = "<group>";
		};
/* End PBXVariantGroup section */

/* Begin XCBuildConfiguration section */
		7571C1501BF0CAAC00FB8CB2 /* Debug */ = {
			isa = XCBuildConfiguration;
			buildSettings = {
				ALWAYS_SEARCH_USER_PATHS = NO;
				CLANG_CXX_LANGUAGE_STANDARD = "gnu++0x";
				CLANG_CXX_LIBRARY = "libc++";
				CLANG_ENABLE_MODULES = YES;
				CLANG_ENABLE_OBJC_ARC = YES;
				CLANG_WARN_BOOL_CONVERSION = YES;
				CLANG_WARN_CONSTANT_CONVERSION = YES;
				CLANG_WARN_DIRECT_OBJC_ISA_USAGE = YES_ERROR;
				CLANG_WARN_EMPTY_BODY = YES;
				CLANG_WARN_ENUM_CONVERSION = YES;
				CLANG_WARN_INT_CONVERSION = YES;
				CLANG_WARN_OBJC_ROOT_CLASS = YES_ERROR;
				CLANG_WARN_UNREACHABLE_CODE = YES;
				CLANG_WARN__DUPLICATE_METHOD_MATCH = YES;
				"CODE_SIGN_IDENTITY[sdk=iphoneos*]" = "iPhone Developer";
				COPY_PHASE_STRIP = NO;
				DEBUG_INFORMATION_FORMAT = dwarf;
				ENABLE_STRICT_OBJC_MSGSEND = YES;
				ENABLE_TESTABILITY = YES;
				GCC_C_LANGUAGE_STANDARD = gnu99;
				GCC_DYNAMIC_NO_PIC = NO;
				GCC_NO_COMMON_BLOCKS = YES;
				GCC_OPTIMIZATION_LEVEL = 0;
				GCC_PREPROCESSOR_DEFINITIONS = (
					"DEBUG=1",
					"$(inherited)",
				);
				GCC_WARN_64_TO_32_BIT_CONVERSION = YES;
				GCC_WARN_ABOUT_RETURN_TYPE = YES_ERROR;
				GCC_WARN_UNDECLARED_SELECTOR = YES;
				GCC_WARN_UNINITIALIZED_AUTOS = YES_AGGRESSIVE;
				GCC_WARN_UNUSED_FUNCTION = YES;
				GCC_WARN_UNUSED_VARIABLE = YES;
				IPHONEOS_DEPLOYMENT_TARGET = 9.1;
				MTL_ENABLE_DEBUG_INFO = YES;
				ONLY_ACTIVE_ARCH = YES;
				SDKROOT = iphoneos;
				SWIFT_OPTIMIZATION_LEVEL = "-Onone";
			};
			name = Debug;
		};
		7571C1511BF0CAAC00FB8CB2 /* Release */ = {
			isa = XCBuildConfiguration;
			buildSettings = {
				ALWAYS_SEARCH_USER_PATHS = NO;
				CLANG_CXX_LANGUAGE_STANDARD = "gnu++0x";
				CLANG_CXX_LIBRARY = "libc++";
				CLANG_ENABLE_MODULES = YES;
				CLANG_ENABLE_OBJC_ARC = YES;
				CLANG_WARN_BOOL_CONVERSION = YES;
				CLANG_WARN_CONSTANT_CONVERSION = YES;
				CLANG_WARN_DIRECT_OBJC_ISA_USAGE = YES_ERROR;
				CLANG_WARN_EMPTY_BODY = YES;
				CLANG_WARN_ENUM_CONVERSION = YES;
				CLANG_WARN_INT_CONVERSION = YES;
				CLANG_WARN_OBJC_ROOT_CLASS = YES_ERROR;
				CLANG_WARN_UNREACHABLE_CODE = YES;
				CLANG_WARN__DUPLICATE_METHOD_MATCH = YES;
				"CODE_SIGN_IDENTITY[sdk=iphoneos*]" = "iPhone Developer";
				COPY_PHASE_STRIP = NO;
				DEBUG_INFORMATION_FORMAT = "dwarf-with-dsym";
				ENABLE_NS_ASSERTIONS = NO;
				ENABLE_STRICT_OBJC_MSGSEND = YES;
				GCC_C_LANGUAGE_STANDARD = gnu99;
				GCC_NO_COMMON_BLOCKS = YES;
				GCC_WARN_64_TO_32_BIT_CONVERSION = YES;
				GCC_WARN_ABOUT_RETURN_TYPE = YES_ERROR;
				GCC_WARN_UNDECLARED_SELECTOR = YES;
				GCC_WARN_UNINITIALIZED_AUTOS = YES_AGGRESSIVE;
				GCC_WARN_UNUSED_FUNCTION = YES;
				GCC_WARN_UNUSED_VARIABLE = YES;
				IPHONEOS_DEPLOYMENT_TARGET = 9.1;
				MTL_ENABLE_DEBUG_INFO = NO;
				SDKROOT = iphoneos;
				VALIDATE_PRODUCT = YES;
			};
			name = Release;
		};
		7571C1531BF0CAAC00FB8CB2 /* Debug */ = {
			isa = XCBuildConfiguration;
			buildSettings = {
				ASSETCATALOG_COMPILER_APPICON_NAME = AppIcon;
				INFOPLIST_FILE = TableDemo/Info.plist;
				LD_RUNPATH_SEARCH_PATHS = "$(inherited) @executable_path/Frameworks";
				PRODUCT_BUNDLE_IDENTIFIER = nl.mennogodeke.TableDemo;
				PRODUCT_NAME = "$(TARGET_NAME)";
			};
			name = Debug;
		};
		7571C1541BF0CAAC00FB8CB2 /* Release */ = {
			isa = XCBuildConfiguration;
			buildSettings = {
				ASSETCATALOG_COMPILER_APPICON_NAME = AppIcon;
				INFOPLIST_FILE = TableDemo/Info.plist;
				LD_RUNPATH_SEARCH_PATHS = "$(inherited) @executable_path/Frameworks";
				PRODUCT_BUNDLE_IDENTIFIER = nl.mennogodeke.TableDemo;
				PRODUCT_NAME = "$(TARGET_NAME)";
			};
			name = Release;
		};
/* End XCBuildConfiguration section */

/* Begin XCConfigurationList section */
		7571C13B1BF0CAAC00FB8CB2 /* Build configuration list for PBXProject "TableDemo" */ = {
			isa = XCConfigurationList;
			buildConfigurations = (
				7571C1501BF0CAAC00FB8CB2 /* Debug */,
				7571C1511BF0CAAC00FB8CB2 /* Release */,
			);
			defaultConfigurationIsVisible = 0;
			defaultConfigurationName = Release;
		};
		7571C1521BF0CAAC00FB8CB2 /* Build configuration list for PBXNativeTarget "TableDemo" */ = {
			isa = XCConfigurationList;
			buildConfigurations = (
				7571C1531BF0CAAC00FB8CB2 /* Debug */,
				7571C1541BF0CAAC00FB8CB2 /* Release */,
			);
			defaultConfigurationIsVisible = 0;
		};
/* End XCConfigurationList section */
	};
	rootObject = 7571C1381BF0CAAC00FB8CB2 /* Project object */;
}
